
Microsoft Visual Studio Solution File, Format Version 12.00
# Visual Studio Version 17
VisualStudioVersion = 17.5.002.0
MinimumVisualStudioVersion = 10.0.40219.1
Project("{9A19103F-16F7-4668-BE54-9A1E7A4F7556}") = "CIS_106_ASSIGNMENT_2", "CIS_106_ASSIGNMENT_2.csproj", "{FF454693-FB6C-4D28-B004-0C5BFA02B33C}"
EndProject
Global
	GlobalSection(SolutionConfigurationPlatforms) = preSolution
		Debug|Any CPU = Debug|Any CPU
		Release|Any CPU = Release|Any CPU
	EndGlobalSection
	GlobalSection(ProjectConfigurationPlatforms) = postSolution
		{FF454693-FB6C-4D28-B004-0C5BFA02B33C}.Debug|Any CPU.ActiveCfg = Debug|Any CPU
		{FF454693-FB6C-4D28-B004-0C5BFA02B33C}.Debug|Any CPU.Build.0 = Debug|Any CPU
		{FF454693-FB6C-4D28-B004-0C5BFA02B33C}.Release|Any CPU.ActiveCfg = Release|Any CPU
		{FF454693-FB6C-4D28-B004-0C5BFA02B33C}.Release|Any CPU.Build.0 = Release|Any CPU
	EndGlobalSection
	GlobalSection(SolutionProperties) = preSolution
		HideSolutionNode = FALSE
	EndGlobalSection
	GlobalSection(ExtensibilityGlobals) = postSolution
		SolutionGuid = {CDF06BDE-51E6-450D-AC79-5C5B4FA9431B}
	EndGlobalSection
EndGlobal
